// !$*UTF8*$!
{
	archiveVersion = 1;
	classes = {
	};
	objectVersion = 51;
	objects = {

/* Begin PBXBuildFile section */
		121553734AFCC3FC83357F79 /* Pods_AppDevAlpha.framework in Frameworks */ = {isa = PBXBuildFile; fileRef = B5AB3351668150584BCA4118 /* Pods_AppDevAlpha.framework */; };
		63415A4D2517FE540085836B /* OpenViewController.swift in Sources */ = {isa = PBXBuildFile; fileRef = 63415A4C2517FE540085836B /* OpenViewController.swift */; };
		63415A4F2517FE670085836B /* CategoryViewController.swift in Sources */ = {isa = PBXBuildFile; fileRef = 63415A4E2517FE670085836B /* CategoryViewController.swift */; };
		63415A512517FEF90085836B /* ItemViewController.swift in Sources */ = {isa = PBXBuildFile; fileRef = 63415A502517FEF90085836B /* ItemViewController.swift */; };
		63415A5325182DC20085836B /* ListViewController.swift in Sources */ = {isa = PBXBuildFile; fileRef = 63415A5225182DC20085836B /* ListViewController.swift */; };
		63415A5A25184CA50085836B /* OpenCell.swift in Sources */ = {isa = PBXBuildFile; fileRef = 63415A5925184CA50085836B /* OpenCell.swift */; };
		63415A5C25184CD20085836B /* CategoryCell.swift in Sources */ = {isa = PBXBuildFile; fileRef = 63415A5B25184CD20085836B /* CategoryCell.swift */; };
		63415A5E25184CF40085836B /* ListCell.swift in Sources */ = {isa = PBXBuildFile; fileRef = 63415A5D25184CF40085836B /* ListCell.swift */; };
		CEA972FD23B2ABB100309B2D /* SchoolStruct.swift in Sources */ = {isa = PBXBuildFile; fileRef = CEA972FC23B2ABB100309B2D /* SchoolStruct.swift */; };
		F4B10AF1233430AD00890FAC /* AppDelegate.swift in Sources */ = {isa = PBXBuildFile; fileRef = F4B10AF0233430AD00890FAC /* AppDelegate.swift */; };
		F4B10AF6233430AD00890FAC /* Main.storyboard in Resources */ = {isa = PBXBuildFile; fileRef = F4B10AF4233430AD00890FAC /* Main.storyboard */; };
		F4B10AF8233430AF00890FAC /* assets.xcassets in Resources */ = {isa = PBXBuildFile; fileRef = F4B10AF7233430AF00890FAC /* assets.xcassets */; };
		F4B10AFB233430AF00890FAC /* LaunchScreen.storyboard in Resources */ = {isa = PBXBuildFile; fileRef = F4B10AF9233430AF00890FAC /* LaunchScreen.storyboard */; };
		FA51B209285988270013BE9C /* Slide.xib in Resources */ = {isa = PBXBuildFile; fileRef = FA51B208285988270013BE9C /* Slide.xib */; };
/* End PBXBuildFile section */

/* Begin PBXFileReference section */
		3DE9382C6F3FA910C97BF62D /* Pods-AppDevAlpha.release.xcconfig */ = {isa = PBXFileReference; includeInIndex = 1; lastKnownFileType = text.xcconfig; name = "Pods-AppDevAlpha.release.xcconfig"; path = "Target Support Files/Pods-AppDevAlpha/Pods-AppDevAlpha.release.xcconfig"; sourceTree = "<group>"; };
		63415A4C2517FE540085836B /* OpenViewController.swift */ = {isa = PBXFileReference; lastKnownFileType = sourcecode.swift; path = OpenViewController.swift; sourceTree = "<group>"; };
		63415A4E2517FE670085836B /* CategoryViewController.swift */ = {isa = PBXFileReference; lastKnownFileType = sourcecode.swift; path = CategoryViewController.swift; sourceTree = "<group>"; };
		63415A502517FEF90085836B /* ItemViewController.swift */ = {isa = PBXFileReference; lastKnownFileType = sourcecode.swift; path = ItemViewController.swift; sourceTree = "<group>"; };
		63415A5225182DC20085836B /* ListViewController.swift */ = {isa = PBXFileReference; lastKnownFileType = sourcecode.swift; path = ListViewController.swift; sourceTree = "<group>"; };
		63415A5925184CA50085836B /* OpenCell.swift */ = {isa = PBXFileReference; lastKnownFileType = sourcecode.swift; path = OpenCell.swift; sourceTree = "<group>"; };
		63415A5B25184CD20085836B /* CategoryCell.swift */ = {isa = PBXFileReference; lastKnownFileType = sourcecode.swift; path = CategoryCell.swift; sourceTree = "<group>"; };
		63415A5D25184CF40085836B /* ListCell.swift */ = {isa = PBXFileReference; lastKnownFileType = sourcecode.swift; path = ListCell.swift; sourceTree = "<group>"; };
		6AFF70B5F77A87CAF3626135 /* Pods-AppDevAlpha.debug.xcconfig */ = {isa = PBXFileReference; includeInIndex = 1; lastKnownFileType = text.xcconfig; name = "Pods-AppDevAlpha.debug.xcconfig"; path = "Target Support Files/Pods-AppDevAlpha/Pods-AppDevAlpha.debug.xcconfig"; sourceTree = "<group>"; };
		B5AB3351668150584BCA4118 /* Pods_AppDevAlpha.framework */ = {isa = PBXFileReference; explicitFileType = wrapper.framework; includeInIndex = 0; path = Pods_AppDevAlpha.framework; sourceTree = BUILT_PRODUCTS_DIR; };
		CEA972FC23B2ABB100309B2D /* SchoolStruct.swift */ = {isa = PBXFileReference; lastKnownFileType = sourcecode.swift; path = SchoolStruct.swift; sourceTree = "<group>"; };
		F4B10AED233430AD00890FAC /* AppDevAlpha.app */ = {isa = PBXFileReference; explicitFileType = wrapper.application; includeInIndex = 0; path = AppDevAlpha.app; sourceTree = BUILT_PRODUCTS_DIR; };
		F4B10AF0233430AD00890FAC /* AppDelegate.swift */ = {isa = PBXFileReference; lastKnownFileType = sourcecode.swift; path = AppDelegate.swift; sourceTree = "<group>"; };
		F4B10AF5233430AD00890FAC /* Base */ = {isa = PBXFileReference; lastKnownFileType = file.storyboard; name = Base; path = Base.lproj/Main.storyboard; sourceTree = "<group>"; };
		F4B10AF7233430AF00890FAC /* assets.xcassets */ = {isa = PBXFileReference; lastKnownFileType = folder.assetcatalog; path = assets.xcassets; sourceTree = "<group>"; };
		F4B10AFA233430AF00890FAC /* Base */ = {isa = PBXFileReference; lastKnownFileType = file.storyboard; name = Base; path = Base.lproj/LaunchScreen.storyboard; sourceTree = "<group>"; };
		F4B10AFC233430AF00890FAC /* Info.plist */ = {isa = PBXFileReference; lastKnownFileType = text.plist.xml; path = Info.plist; sourceTree = "<group>"; };
		F4B841AA23DA536200A8C689 /* es */ = {isa = PBXFileReference; lastKnownFileType = text.plist.strings; name = es; path = es.lproj/Main.strings; sourceTree = "<group>"; };
		F4B841AB23DA536200A8C689 /* es */ = {isa = PBXFileReference; lastKnownFileType = text.plist.strings; name = es; path = es.lproj/LaunchScreen.strings; sourceTree = "<group>"; };
		FA51B208285988270013BE9C /* Slide.xib */ = {isa = PBXFileReference; lastKnownFileType = file.xib; path = Slide.xib; sourceTree = SOURCE_ROOT; };
/* End PBXFileReference section */

/* Begin PBXFrameworksBuildPhase section */
		F4B10AEA233430AD00890FAC /* Frameworks */ = {
			isa = PBXFrameworksBuildPhase;
			buildActionMask = 2147483647;
			files = (
				121553734AFCC3FC83357F79 /* Pods_AppDevAlpha.framework in Frameworks */,
			);
			runOnlyForDeploymentPostprocessing = 0;
		};
/* End PBXFrameworksBuildPhase section */

/* Begin PBXGroup section */
		63415A4B2517FE0B0085836B /* ViewControllers */ = {
			isa = PBXGroup;
			children = (
				63415A5625184C5E0085836B /* OpenViewController */,
				63415A5725184C690085836B /* CategoryViewController */,
				63415A5825184C740085836B /* ListViewController */,
				63415A502517FEF90085836B /* ItemViewController.swift */,
			);
			path = ViewControllers;
			sourceTree = "<group>";
		};
		63415A5625184C5E0085836B /* OpenViewController */ = {
			isa = PBXGroup;
			children = (
				63415A4C2517FE540085836B /* OpenViewController.swift */,
				63415A5925184CA50085836B /* OpenCell.swift */,
			);
			path = OpenViewController;
			sourceTree = "<group>";
		};
		63415A5725184C690085836B /* CategoryViewController */ = {
			isa = PBXGroup;
			children = (
				63415A4E2517FE670085836B /* CategoryViewController.swift */,
				63415A5B25184CD20085836B /* CategoryCell.swift */,
			);
			path = CategoryViewController;
			sourceTree = "<group>";
		};
		63415A5825184C740085836B /* ListViewController */ = {
			isa = PBXGroup;
			children = (
				63415A5225182DC20085836B /* ListViewController.swift */,
				63415A5D25184CF40085836B /* ListCell.swift */,
			);
			path = ListViewController;
			sourceTree = "<group>";
		};
		7F9B20AEF624F4715166385D /* Frameworks */ = {
			isa = PBXGroup;
			children = (
				B5AB3351668150584BCA4118 /* Pods_AppDevAlpha.framework */,
			);
			name = Frameworks;
			sourceTree = "<group>";
		};
		A3960CFCBD42BCDE177FE919 /* Pods */ = {
			isa = PBXGroup;
			children = (
				6AFF70B5F77A87CAF3626135 /* Pods-AppDevAlpha.debug.xcconfig */,
				3DE9382C6F3FA910C97BF62D /* Pods-AppDevAlpha.release.xcconfig */,
			);
			path = Pods;
			sourceTree = "<group>";
		};
		F4B10AE4233430AD00890FAC = {
			isa = PBXGroup;
			children = (
				F4B10AEF233430AD00890FAC /* AppDevAlpha */,
				F4B10AEE233430AD00890FAC /* Products */,
				A3960CFCBD42BCDE177FE919 /* Pods */,
				7F9B20AEF624F4715166385D /* Frameworks */,
			);
			sourceTree = "<group>";
		};
		F4B10AEE233430AD00890FAC /* Products */ = {
			isa = PBXGroup;
			children = (
				F4B10AED233430AD00890FAC /* AppDevAlpha.app */,
			);
			name = Products;
			sourceTree = "<group>";
		};
		F4B10AEF233430AD00890FAC /* AppDevAlpha */ = {
			isa = PBXGroup;
			children = (
				FA51B208285988270013BE9C /* Slide.xib */,
				F4B10AF0233430AD00890FAC /* AppDelegate.swift */,
				CEA972FC23B2ABB100309B2D /* SchoolStruct.swift */,
				63415A4B2517FE0B0085836B /* ViewControllers */,
				F4B10AF4233430AD00890FAC /* Main.storyboard */,
				F4B10AF7233430AF00890FAC /* assets.xcassets */,
				F4B10AF9233430AF00890FAC /* LaunchScreen.storyboard */,
				F4B10AFC233430AF00890FAC /* Info.plist */,
			);
			path = AppDevAlpha;
			sourceTree = "<group>";
		};
/* End PBXGroup section */

/* Begin PBXNativeTarget section */
		F4B10AEC233430AD00890FAC /* AppDevAlpha */ = {
			isa = PBXNativeTarget;
			buildConfigurationList = F4B10B15233430AF00890FAC /* Build configuration list for PBXNativeTarget "AppDevAlpha" */;
			buildPhases = (
				95B989B6FC98034D9C67B6F5 /* [CP] Check Pods Manifest.lock */,
				F4B10AE9233430AD00890FAC /* Sources */,
				F4B10AEA233430AD00890FAC /* Frameworks */,
				F4B10AEB233430AD00890FAC /* Resources */,
				8C250DCEE229A75C1B266F68 /* [CP] Embed Pods Frameworks */,
			);
			buildRules = (
			);
			dependencies = (
			);
			name = AppDevAlpha;
			productName = AppDevAlpha;
			productReference = F4B10AED233430AD00890FAC /* AppDevAlpha.app */;
			productType = "com.apple.product-type.application";
		};
/* End PBXNativeTarget section */

/* Begin PBXProject section */
		F4B10AE5233430AD00890FAC /* Project object */ = {
			isa = PBXProject;
			attributes = {
				LastSwiftUpdateCheck = 1020;
				LastUpgradeCheck = 1340;
				ORGANIZATIONNAME = "Innovation Center";
				TargetAttributes = {
					F4B10AEC233430AD00890FAC = {
						CreatedOnToolsVersion = 10.2.1;
					};
				};
			};
			buildConfigurationList = F4B10AE8233430AD00890FAC /* Build configuration list for PBXProject "AppDevAlpha" */;
			compatibilityVersion = "Xcode 9.3";
			developmentRegion = en;
			hasScannedForEncodings = 0;
			knownRegions = (
				en,
				Base,
				es,
			);
			mainGroup = F4B10AE4233430AD00890FAC;
			productRefGroup = F4B10AEE233430AD00890FAC /* Products */;
			projectDirPath = "";
			projectRoot = "";
			targets = (
				F4B10AEC233430AD00890FAC /* AppDevAlpha */,
			);
		};
/* End PBXProject section */

/* Begin PBXResourcesBuildPhase section */
		F4B10AEB233430AD00890FAC /* Resources */ = {
			isa = PBXResourcesBuildPhase;
			buildActionMask = 2147483647;
			files = (
				FA51B209285988270013BE9C /* Slide.xib in Resources */,
				F4B10AFB233430AF00890FAC /* LaunchScreen.storyboard in Resources */,
				F4B10AF8233430AF00890FAC /* assets.xcassets in Resources */,
				F4B10AF6233430AD00890FAC /* Main.storyboard in Resources */,
			);
			runOnlyForDeploymentPostprocessing = 0;
		};
/* End PBXResourcesBuildPhase section */

/* Begin PBXShellScriptBuildPhase section */
		8C250DCEE229A75C1B266F68 /* [CP] Embed Pods Frameworks */ = {
			isa = PBXShellScriptBuildPhase;
			buildActionMask = 2147483647;
			files = (
			);
			inputFileListPaths = (
				"${PODS_ROOT}/Target Support Files/Pods-AppDevAlpha/Pods-AppDevAlpha-frameworks-${CONFIGURATION}-input-files.xcfilelist",
			);
			name = "[CP] Embed Pods Frameworks";
			outputFileListPaths = (
				"${PODS_ROOT}/Target Support Files/Pods-AppDevAlpha/Pods-AppDevAlpha-frameworks-${CONFIGURATION}-output-files.xcfilelist",
			);
			runOnlyForDeploymentPostprocessing = 0;
			shellPath = /bin/sh;
			shellScript = "\"${PODS_ROOT}/Target Support Files/Pods-AppDevAlpha/Pods-AppDevAlpha-frameworks.sh\"\n";
			showEnvVarsInLog = 0;
		};
		95B989B6FC98034D9C67B6F5 /* [CP] Check Pods Manifest.lock */ = {
			isa = PBXShellScriptBuildPhase;
			buildActionMask = 2147483647;
			files = (
			);
			inputFileListPaths = (
			);
			inputPaths = (
				"${PODS_PODFILE_DIR_PATH}/Podfile.lock",
				"${PODS_ROOT}/Manifest.lock",
			);
			name = "[CP] Check Pods Manifest.lock";
			outputFileListPaths = (
			);
			outputPaths = (
				"$(DERIVED_FILE_DIR)/Pods-AppDevAlpha-checkManifestLockResult.txt",
			);
			runOnlyForDeploymentPostprocessing = 0;
			shellPath = /bin/sh;
			shellScript = "diff \"${PODS_PODFILE_DIR_PATH}/Podfile.lock\" \"${PODS_ROOT}/Manifest.lock\" > /dev/null\nif [ $? != 0 ] ; then\n    # print error to STDERR\n    echo \"error: The sandbox is not in sync with the Podfile.lock. Run 'pod install' or update your CocoaPods installation.\" >&2\n    exit 1\nfi\n# This output is used by Xcode 'outputs' to avoid re-running this script phase.\necho \"SUCCESS\" > \"${SCRIPT_OUTPUT_FILE_0}\"\n";
			showEnvVarsInLog = 0;
		};
/* End PBXShellScriptBuildPhase section */

/* Begin PBXSourcesBuildPhase section */
		F4B10AE9233430AD00890FAC /* Sources */ = {
			isa = PBXSourcesBuildPhase;
			buildActionMask = 2147483647;
			files = (
				63415A5325182DC20085836B /* ListViewController.swift in Sources */,
				63415A5C25184CD20085836B /* CategoryCell.swift in Sources */,
				63415A512517FEF90085836B /* ItemViewController.swift in Sources */,
				CEA972FD23B2ABB100309B2D /* SchoolStruct.swift in Sources */,
				63415A4D2517FE540085836B /* OpenViewController.swift in Sources */,
				F4B10AF1233430AD00890FAC /* AppDelegate.swift in Sources */,
				63415A5E25184CF40085836B /* ListCell.swift in Sources */,
				63415A4F2517FE670085836B /* CategoryViewController.swift in Sources */,
				63415A5A25184CA50085836B /* OpenCell.swift in Sources */,
			);
			runOnlyForDeploymentPostprocessing = 0;
		};
/* End PBXSourcesBuildPhase section */

/* Begin PBXVariantGroup section */
		F4B10AF4233430AD00890FAC /* Main.storyboard */ = {
			isa = PBXVariantGroup;
			children = (
				F4B10AF5233430AD00890FAC /* Base */,
				F4B841AA23DA536200A8C689 /* es */,
			);
			name = Main.storyboard;
			sourceTree = "<group>";
		};
		F4B10AF9233430AF00890FAC /* LaunchScreen.storyboard */ = {
			isa = PBXVariantGroup;
			children = (
				F4B10AFA233430AF00890FAC /* Base */,
				F4B841AB23DA536200A8C689 /* es */,
			);
			name = LaunchScreen.storyboard;
			sourceTree = "<group>";
		};
/* End PBXVariantGroup section */

/* Begin XCBuildConfiguration section */
		F4B10B13233430AF00890FAC /* Debug */ = {
			isa = XCBuildConfiguration;
			buildSettings = {
				ALWAYS_SEARCH_USER_PATHS = NO;
				CLANG_ANALYZER_LOCALIZABILITY_NONLOCALIZED = YES;
				CLANG_ANALYZER_NONNULL = YES;
				CLANG_ANALYZER_NUMBER_OBJECT_CONVERSION = YES_AGGRESSIVE;
				CLANG_CXX_LANGUAGE_STANDARD = "gnu++14";
				CLANG_CXX_LIBRARY = "libc++";
				CLANG_ENABLE_MODULES = YES;
				CLANG_ENABLE_OBJC_ARC = YES;
				CLANG_ENABLE_OBJC_WEAK = YES;
				CLANG_WARN_BLOCK_CAPTURE_AUTORELEASING = YES;
				CLANG_WARN_BOOL_CONVERSION = YES;
				CLANG_WARN_COMMA = YES;
				CLANG_WARN_CONSTANT_CONVERSION = YES;
				CLANG_WARN_DEPRECATED_OBJC_IMPLEMENTATIONS = YES;
				CLANG_WARN_DIRECT_OBJC_ISA_USAGE = YES_ERROR;
				CLANG_WARN_DOCUMENTATION_COMMENTS = YES;
				CLANG_WARN_EMPTY_BODY = YES;
				CLANG_WARN_ENUM_CONVERSION = YES;
				CLANG_WARN_INFINITE_RECURSION = YES;
				CLANG_WARN_INT_CONVERSION = YES;
				CLANG_WARN_NON_LITERAL_NULL_CONVERSION = YES;
				CLANG_WARN_OBJC_IMPLICIT_RETAIN_SELF = YES;
				CLANG_WARN_OBJC_LITERAL_CONVERSION = YES;
				CLANG_WARN_OBJC_ROOT_CLASS = YES_ERROR;
				CLANG_WARN_QUOTED_INCLUDE_IN_FRAMEWORK_HEADER = YES;
				CLANG_WARN_RANGE_LOOP_ANALYSIS = YES;
				CLANG_WARN_STRICT_PROTOTYPES = YES;
				CLANG_WARN_SUSPICIOUS_MOVE = YES;
				CLANG_WARN_UNGUARDED_AVAILABILITY = YES_AGGRESSIVE;
				CLANG_WARN_UNREACHABLE_CODE = YES;
				CLANG_WARN__DUPLICATE_METHOD_MATCH = YES;
				CODE_SIGN_IDENTITY = "iPhone Developer";
				COPY_PHASE_STRIP = NO;
				DEBUG_INFORMATION_FORMAT = dwarf;
				ENABLE_STRICT_OBJC_MSGSEND = YES;
				ENABLE_TESTABILITY = YES;
				GCC_C_LANGUAGE_STANDARD = gnu11;
				GCC_DYNAMIC_NO_PIC = NO;
				GCC_NO_COMMON_BLOCKS = YES;
				GCC_OPTIMIZATION_LEVEL = 0;
				GCC_PREPROCESSOR_DEFINITIONS = (
					"DEBUG=1",
					"$(inherited)",
				);
				GCC_WARN_64_TO_32_BIT_CONVERSION = YES;
				GCC_WARN_ABOUT_RETURN_TYPE = YES_ERROR;
				GCC_WARN_UNDECLARED_SELECTOR = YES;
				GCC_WARN_UNINITIALIZED_AUTOS = YES_AGGRESSIVE;
				GCC_WARN_UNUSED_FUNCTION = YES;
				GCC_WARN_UNUSED_VARIABLE = YES;
				IPHONEOS_DEPLOYMENT_TARGET = 15.5;
				MTL_ENABLE_DEBUG_INFO = INCLUDE_SOURCE;
				MTL_FAST_MATH = YES;
				ONLY_ACTIVE_ARCH = YES;
				SDKROOT = iphoneos;
				SWIFT_ACTIVE_COMPILATION_CONDITIONS = DEBUG;
				SWIFT_OPTIMIZATION_LEVEL = "-Onone";
			};
			name = Debug;
		};
		F4B10B14233430AF00890FAC /* Release */ = {
			isa = XCBuildConfiguration;
			buildSettings = {
				ALWAYS_SEARCH_USER_PATHS = NO;
				CLANG_ANALYZER_LOCALIZABILITY_NONLOCALIZED = YES;
				CLANG_ANALYZER_NONNULL = YES;
				CLANG_ANALYZER_NUMBER_OBJECT_CONVERSION = YES_AGGRESSIVE;
				CLANG_CXX_LANGUAGE_STANDARD = "gnu++14";
				CLANG_CXX_LIBRARY = "libc++";
				CLANG_ENABLE_MODULES = YES;
				CLANG_ENABLE_OBJC_ARC = YES;
				CLANG_ENABLE_OBJC_WEAK = YES;
				CLANG_WARN_BLOCK_CAPTURE_AUTORELEASING = YES;
				CLANG_WARN_BOOL_CONVERSION = YES;
				CLANG_WARN_COMMA = YES;
				CLANG_WARN_CONSTANT_CONVERSION = YES;
				CLANG_WARN_DEPRECATED_OBJC_IMPLEMENTATIONS = YES;
				CLANG_WARN_DIRECT_OBJC_ISA_USAGE = YES_ERROR;
				CLANG_WARN_DOCUMENTATION_COMMENTS = YES;
				CLANG_WARN_EMPTY_BODY = YES;
				CLANG_WARN_ENUM_CONVERSION = YES;
				CLANG_WARN_INFINITE_RECURSION = YES;
				CLANG_WARN_INT_CONVERSION = YES;
				CLANG_WARN_NON_LITERAL_NULL_CONVERSION = YES;
				CLANG_WARN_OBJC_IMPLICIT_RETAIN_SELF = YES;
				CLANG_WARN_OBJC_LITERAL_CONVERSION = YES;
				CLANG_WARN_OBJC_ROOT_CLASS = YES_ERROR;
				CLANG_WARN_QUOTED_INCLUDE_IN_FRAMEWORK_HEADER = YES;
				CLANG_WARN_RANGE_LOOP_ANALYSIS = YES;
				CLANG_WARN_STRICT_PROTOTYPES = YES;
				CLANG_WARN_SUSPICIOUS_MOVE = YES;
				CLANG_WARN_UNGUARDED_AVAILABILITY = YES_AGGRESSIVE;
				CLANG_WARN_UNREACHABLE_CODE = YES;
				CLANG_WARN__DUPLICATE_METHOD_MATCH = YES;
				CODE_SIGN_IDENTITY = "iPhone Developer";
				COPY_PHASE_STRIP = NO;
				DEBUG_INFORMATION_FORMAT = "dwarf-with-dsym";
				ENABLE_NS_ASSERTIONS = NO;
				ENABLE_STRICT_OBJC_MSGSEND = YES;
				GCC_C_LANGUAGE_STANDARD = gnu11;
				GCC_NO_COMMON_BLOCKS = YES;
				GCC_WARN_64_TO_32_BIT_CONVERSION = YES;
				GCC_WARN_ABOUT_RETURN_TYPE = YES_ERROR;
				GCC_WARN_UNDECLARED_SELECTOR = YES;
				GCC_WARN_UNINITIALIZED_AUTOS = YES_AGGRESSIVE;
				GCC_WARN_UNUSED_FUNCTION = YES;
				GCC_WARN_UNUSED_VARIABLE = YES;
				IPHONEOS_DEPLOYMENT_TARGET = 15.5;
				MTL_ENABLE_DEBUG_INFO = NO;
				MTL_FAST_MATH = YES;
				SDKROOT = iphoneos;
				SWIFT_COMPILATION_MODE = wholemodule;
				SWIFT_OPTIMIZATION_LEVEL = "-O";
				VALIDATE_PRODUCT = YES;
			};
			name = Release;
		};
		F4B10B16233430AF00890FAC /* Debug */ = {
			isa = XCBuildConfiguration;
			baseConfigurationReference = 6AFF70B5F77A87CAF3626135 /* Pods-AppDevAlpha.debug.xcconfig */;
			buildSettings = {
				ASSETCATALOG_COMPILER_APPICON_NAME = AppIcon;
				CODE_SIGN_STYLE = Automatic;
				DEVELOPMENT_TEAM = 2A5G5V4XMB;
				INFOPLIST_FILE = AppDevAlpha/Info.plist;
				IPHONEOS_DEPLOYMENT_TARGET = 12.2;
				LD_RUNPATH_SEARCH_PATHS = (
					"$(inherited)",
					"@executable_path/Frameworks",
				);
				PRODUCT_BUNDLE_IDENTIFIER = org.svvsd.AppDevAlpha;
				PRODUCT_NAME = "$(TARGET_NAME)";
				SWIFT_VERSION = 5.0;
				TARGETED_DEVICE_FAMILY = 2;
			};
			name = Debug;
		};
		F4B10B17233430AF00890FAC /* Release */ = {
			isa = XCBuildConfiguration;
			baseConfigurationReference = 3DE9382C6F3FA910C97BF62D /* Pods-AppDevAlpha.release.xcconfig */;
			buildSettings = {
				ASSETCATALOG_COMPILER_APPICON_NAME = AppIcon;
				CODE_SIGN_STYLE = Automatic;
				DEVELOPMENT_TEAM = 2A5G5V4XMB;
				INFOPLIST_FILE = AppDevAlpha/Info.plist;
				IPHONEOS_DEPLOYMENT_TARGET = 12.2;
				LD_RUNPATH_SEARCH_PATHS = (
					"$(inherited)",
					"@executable_path/Frameworks",
				);
				PRODUCT_BUNDLE_IDENTIFIER = org.svvsd.AppDevAlpha;
				PRODUCT_NAME = "$(TARGET_NAME)";
				SWIFT_VERSION = 5.0;
				TARGETED_DEVICE_FAMILY = 2;
			};
			name = Release;
		};
/* End XCBuildConfiguration section */

/* Begin XCConfigurationList section */
		F4B10AE8233430AD00890FAC /* Build configuration list for PBXProject "AppDevAlpha" */ = {
			isa = XCConfigurationList;
			buildConfigurations = (
				F4B10B13233430AF00890FAC /* Debug */,
				F4B10B14233430AF00890FAC /* Release */,
			);
			defaultConfigurationIsVisible = 0;
			defaultConfigurationName = Release;
		};
		F4B10B15233430AF00890FAC /* Build configuration list for PBXNativeTarget "AppDevAlpha" */ = {
			isa = XCConfigurationList;
			buildConfigurations = (
				F4B10B16233430AF00890FAC /* Debug */,
				F4B10B17233430AF00890FAC /* Release */,
			);
			defaultConfigurationIsVisible = 0;
			defaultConfigurationName = Release;
		};
/* End XCConfigurationList section */
	};
	rootObject = F4B10AE5233430AD00890FAC /* Project object */;
}
